
Microsoft Visual Studio Solution File, Format Version 12.00
# Visual Studio Version 16
VisualStudioVersion = 16.0.30611.23
MinimumVisualStudioVersion = 10.0.40219.1
Project("{FAE04EC0-301F-11D3-BF4B-00C04F79EFBC}") = "Substitutii_monoalfabetice", "Substitutii_monoalfabetice\Substitutii_monoalfabetice.csproj", "{E6759811-74D8-40A6-968F-B339D8AE628B}"
EndProject
Global
	GlobalSection(SolutionConfigurationPlatforms) = preSolution
		Debug|Any CPU = Debug|Any CPU
		Release|Any CPU = Release|Any CPU
	EndGlobalSection
	GlobalSection(ProjectConfigurationPlatforms) = postSolution
		{E6759811-74D8-40A6-968F-B339D8AE628B}.Debug|Any CPU.ActiveCfg = Debug|Any CPU
		{E6759811-74D8-40A6-968F-B339D8AE628B}.Debug|Any CPU.Build.0 = Debug|Any CPU
		{E6759811-74D8-40A6-968F-B339D8AE628B}.Release|Any CPU.ActiveCfg = Release|Any CPU
		{E6759811-74D8-40A6-968F-B339D8AE628B}.Release|Any CPU.Build.0 = Release|Any CPU
	EndGlobalSection
	GlobalSection(SolutionProperties) = preSolution
		HideSolutionNode = FALSE
	EndGlobalSection
	GlobalSection(ExtensibilityGlobals) = postSolution
		SolutionGuid = {97061040-376E-4619-B100-18EBC9D8CF8C}
	EndGlobalSection
EndGlobal
